
Microsoft Visual Studio Solution File, Format Version 12.00
# Visual Studio Version 17
VisualStudioVersion = 17.12.35527.113
MinimumVisualStudioVersion = 10.0.40219.1
Project("{FAE04EC0-301F-11D3-BF4B-00C04F79EFBC}") = "CyberStone.Core", "..\CyberStone.Core\CyberStone.Core.csproj", "{14CE22B3-7021-4383-9F83-0E5244421916}"
EndProject
Project("{FAE04EC0-301F-11D3-BF4B-00C04F79EFBC}") = "RealEstate", "RealEstate\RealEstate.csproj", "{9BFB1B27-1810-4852-A347-8F1CD24F1AB5}"
EndProject
Project("{FAE04EC0-301F-11D3-BF4B-00C04F79EFBC}") = "Approval_Net8", "..\Biz\Approval_Net8\Approval_Net8.csproj", "{3CEF75C1-7FCF-4ED6-AD33-DEA8F53E31F9}"
EndProject
Global
	GlobalSection(SolutionConfigurationPlatforms) = preSolution
		Debug|Any CPU = Debug|Any CPU
		Debug|x64 = Debug|x64
		Release|Any CPU = Release|Any CPU
		Release|x64 = Release|x64
	EndGlobalSection
	GlobalSection(ProjectConfigurationPlatforms) = postSolution
		{14CE22B3-7021-4383-9F83-0E5244421916}.Debug|Any CPU.ActiveCfg = Debug|Any CPU
		{14CE22B3-7021-4383-9F83-0E5244421916}.Debug|Any CPU.Build.0 = Debug|Any CPU
		{14CE22B3-7021-4383-9F83-0E5244421916}.Debug|x64.ActiveCfg = Debug|x64
		{14CE22B3-7021-4383-9F83-0E5244421916}.Debug|x64.Build.0 = Debug|x64
		{14CE22B3-7021-4383-9F83-0E5244421916}.Release|Any CPU.ActiveCfg = Release|Any CPU
		{14CE22B3-7021-4383-9F83-0E5244421916}.Release|Any CPU.Build.0 = Release|Any CPU
		{14CE22B3-7021-4383-9F83-0E5244421916}.Release|x64.ActiveCfg = Release|x64
		{14CE22B3-7021-4383-9F83-0E5244421916}.Release|x64.Build.0 = Release|x64
		{9BFB1B27-1810-4852-A347-8F1CD24F1AB5}.Debug|Any CPU.ActiveCfg = Debug|Any CPU
		{9BFB1B27-1810-4852-A347-8F1CD24F1AB5}.Debug|Any CPU.Build.0 = Debug|Any CPU
		{9BFB1B27-1810-4852-A347-8F1CD24F1AB5}.Debug|x64.ActiveCfg = Debug|Any CPU
		{9BFB1B27-1810-4852-A347-8F1CD24F1AB5}.Debug|x64.Build.0 = Debug|Any CPU
		{9BFB1B27-1810-4852-A347-8F1CD24F1AB5}.Release|Any CPU.ActiveCfg = Release|Any CPU
		{9BFB1B27-1810-4852-A347-8F1CD24F1AB5}.Release|Any CPU.Build.0 = Release|Any CPU
		{9BFB1B27-1810-4852-A347-8F1CD24F1AB5}.Release|x64.ActiveCfg = Release|Any CPU
		{9BFB1B27-1810-4852-A347-8F1CD24F1AB5}.Release|x64.Build.0 = Release|Any CPU
		{3CEF75C1-7FCF-4ED6-AD33-DEA8F53E31F9}.Debug|Any CPU.ActiveCfg = Debug|Any CPU
		{3CEF75C1-7FCF-4ED6-AD33-DEA8F53E31F9}.Debug|Any CPU.Build.0 = Debug|Any CPU
		{3CEF75C1-7FCF-4ED6-AD33-DEA8F53E31F9}.Debug|x64.ActiveCfg = Debug|Any CPU
		{3CEF75C1-7FCF-4ED6-AD33-DEA8F53E31F9}.Debug|x64.Build.0 = Debug|Any CPU
		{3CEF75C1-7FCF-4ED6-AD33-DEA8F53E31F9}.Release|Any CPU.ActiveCfg = Release|Any CPU
		{3CEF75C1-7FCF-4ED6-AD33-DEA8F53E31F9}.Release|Any CPU.Build.0 = Release|Any CPU
		{3CEF75C1-7FCF-4ED6-AD33-DEA8F53E31F9}.Release|x64.ActiveCfg = Release|Any CPU
		{3CEF75C1-7FCF-4ED6-AD33-DEA8F53E31F9}.Release|x64.Build.0 = Release|Any CPU
	EndGlobalSection
	GlobalSection(SolutionProperties) = preSolution
		HideSolutionNode = FALSE
	EndGlobalSection
EndGlobal
